// !$*UTF8*$!
{
	archiveVersion = 1;
	classes = {
	};
	objectVersion = 50;
	objects = {

/* Begin PBXBuildFile section */
		312E4E5A21EE4E4B008AE32F /* AppDelegate.swift in Sources */ = {isa = PBXBuildFile; fileRef = 312E4E5921EE4E4B008AE32F /* AppDelegate.swift */; };
		312E4E5C21EE4E4B008AE32F /* ViewController.swift in Sources */ = {isa = PBXBuildFile; fileRef = 312E4E5B21EE4E4B008AE32F /* ViewController.swift */; };
		312E4E5F21EE4E4B008AE32F /* Main.storyboard in Resources */ = {isa = PBXBuildFile; fileRef = 312E4E5D21EE4E4B008AE32F /* Main.storyboard */; };
		312E4E6121EE4E4F008AE32F /* Assets.xcassets in Resources */ = {isa = PBXBuildFile; fileRef = 312E4E6021EE4E4F008AE32F /* Assets.xcassets */; };
		312E4E6421EE4E4F008AE32F /* LaunchScreen.storyboard in Resources */ = {isa = PBXBuildFile; fileRef = 312E4E6221EE4E4F008AE32F /* LaunchScreen.storyboard */; };
		312E4E6C21EE51B4008AE32F /* AnimateVC.swift in Sources */ = {isa = PBXBuildFile; fileRef = 312E4E6B21EE51B4008AE32F /* AnimateVC.swift */; };
		312E4E6E21EE52D5008AE32F /* AnimatingView.swift in Sources */ = {isa = PBXBuildFile; fileRef = 312E4E6D21EE52D5008AE32F /* AnimatingView.swift */; };
		312E4E7021EE816F008AE32F /* TypeOfCorner.swift in Sources */ = {isa = PBXBuildFile; fileRef = 312E4E6F21EE816F008AE32F /* TypeOfCorner.swift */; };
		3136911221EFA3470030FA48 /* NumberCell.swift in Sources */ = {isa = PBXBuildFile; fileRef = 3136911121EFA3470030FA48 /* NumberCell.swift */; };
/* End PBXBuildFile section */

/* Begin PBXFileReference section */
		312E4E5621EE4E4B008AE32F /* AnimateText.app */ = {isa = PBXFileReference; explicitFileType = wrapper.application; includeInIndex = 0; path = AnimateText.app; sourceTree = BUILT_PRODUCTS_DIR; };
		312E4E5921EE4E4B008AE32F /* AppDelegate.swift */ = {isa = PBXFileReference; lastKnownFileType = sourcecode.swift; path = AppDelegate.swift; sourceTree = "<group>"; };
		312E4E5B21EE4E4B008AE32F /* ViewController.swift */ = {isa = PBXFileReference; lastKnownFileType = sourcecode.swift; path = ViewController.swift; sourceTree = "<group>"; };
		312E4E5E21EE4E4B008AE32F /* Base */ = {isa = PBXFileReference; lastKnownFileType = file.storyboard; name = Base; path = Base.lproj/Main.storyboard; sourceTree = "<group>"; };
		312E4E6021EE4E4F008AE32F /* Assets.xcassets */ = {isa = PBXFileReference; lastKnownFileType = folder.assetcatalog; path = Assets.xcassets; sourceTree = "<group>"; };
		312E4E6321EE4E4F008AE32F /* Base */ = {isa = PBXFileReference; lastKnownFileType = file.storyboard; name = Base; path = Base.lproj/LaunchScreen.storyboard; sourceTree = "<group>"; };
		312E4E6521EE4E4F008AE32F /* Info.plist */ = {isa = PBXFileReference; lastKnownFileType = text.plist.xml; path = Info.plist; sourceTree = "<group>"; };
		312E4E6B21EE51B4008AE32F /* AnimateVC.swift */ = {isa = PBXFileReference; lastKnownFileType = sourcecode.swift; path = AnimateVC.swift; sourceTree = "<group>"; };
		312E4E6D21EE52D5008AE32F /* AnimatingView.swift */ = {isa = PBXFileReference; lastKnownFileType = sourcecode.swift; path = AnimatingView.swift; sourceTree = "<group>"; };
		312E4E6F21EE816F008AE32F /* TypeOfCorner.swift */ = {isa = PBXFileReference; lastKnownFileType = sourcecode.swift; path = TypeOfCorner.swift; sourceTree = "<group>"; };
		3136911121EFA3470030FA48 /* NumberCell.swift */ = {isa = PBXFileReference; lastKnownFileType = sourcecode.swift; path = NumberCell.swift; sourceTree = "<group>"; };
/* End PBXFileReference section */

/* Begin PBXFrameworksBuildPhase section */
		312E4E5321EE4E4B008AE32F /* Frameworks */ = {
			isa = PBXFrameworksBuildPhase;
			buildActionMask = 2147483647;
			files = (
			);
			runOnlyForDeploymentPostprocessing = 0;
		};
/* End PBXFrameworksBuildPhase section */

/* Begin PBXGroup section */
		312E4E4D21EE4E4B008AE32F = {
			isa = PBXGroup;
			children = (
				312E4E5821EE4E4B008AE32F /* AnimateText */,
				312E4E5721EE4E4B008AE32F /* Products */,
			);
			sourceTree = "<group>";
		};
		312E4E5721EE4E4B008AE32F /* Products */ = {
			isa = PBXGroup;
			children = (
				312E4E5621EE4E4B008AE32F /* AnimateText.app */,
			);
			name = Products;
			sourceTree = "<group>";
		};
		312E4E5821EE4E4B008AE32F /* AnimateText */ = {
			isa = PBXGroup;
			children = (
				3136911021EFA32C0030FA48 /* View */,
				312E4E5921EE4E4B008AE32F /* AppDelegate.swift */,
				312E4E5B21EE4E4B008AE32F /* ViewController.swift */,
				312E4E5D21EE4E4B008AE32F /* Main.storyboard */,
				312E4E6021EE4E4F008AE32F /* Assets.xcassets */,
				312E4E6221EE4E4F008AE32F /* LaunchScreen.storyboard */,
				312E4E6521EE4E4F008AE32F /* Info.plist */,
				312E4E6B21EE51B4008AE32F /* AnimateVC.swift */,
				312E4E6D21EE52D5008AE32F /* AnimatingView.swift */,
				312E4E6F21EE816F008AE32F /* TypeOfCorner.swift */,
			);
			path = AnimateText;
			sourceTree = "<group>";
		};
		3136911021EFA32C0030FA48 /* View */ = {
			isa = PBXGroup;
			children = (
				3136911121EFA3470030FA48 /* NumberCell.swift */,
			);
			path = View;
			sourceTree = "<group>";
		};
/* End PBXGroup section */

/* Begin PBXNativeTarget section */
		312E4E5521EE4E4B008AE32F /* AnimateText */ = {
			isa = PBXNativeTarget;
			buildConfigurationList = 312E4E6821EE4E4F008AE32F /* Build configuration list for PBXNativeTarget "AnimateText" */;
			buildPhases = (
				312E4E5221EE4E4B008AE32F /* Sources */,
				312E4E5321EE4E4B008AE32F /* Frameworks */,
				312E4E5421EE4E4B008AE32F /* Resources */,
			);
			buildRules = (
			);
			dependencies = (
			);
			name = AnimateText;
			productName = AnimateText;
			productReference = 312E4E5621EE4E4B008AE32F /* AnimateText.app */;
			productType = "com.apple.product-type.application";
		};
/* End PBXNativeTarget section */

/* Begin PBXProject section */
		312E4E4E21EE4E4B008AE32F /* Project object */ = {
			isa = PBXProject;
			attributes = {
				LastSwiftUpdateCheck = 1010;
				LastUpgradeCheck = 1010;
				ORGANIZATIONNAME = "David Kadlček";
				TargetAttributes = {
					312E4E5521EE4E4B008AE32F = {
						CreatedOnToolsVersion = 10.1;
					};
				};
			};
			buildConfigurationList = 312E4E5121EE4E4B008AE32F /* Build configuration list for PBXProject "AnimateText" */;
			compatibilityVersion = "Xcode 9.3";
			developmentRegion = en;
			hasScannedForEncodings = 0;
			knownRegions = (
				en,
				Base,
			);
			mainGroup = 312E4E4D21EE4E4B008AE32F;
			productRefGroup = 312E4E5721EE4E4B008AE32F /* Products */;
			projectDirPath = "";
			projectRoot = "";
			targets = (
				312E4E5521EE4E4B008AE32F /* AnimateText */,
			);
		};
/* End PBXProject section */

/* Begin PBXResourcesBuildPhase section */
		312E4E5421EE4E4B008AE32F /* Resources */ = {
			isa = PBXResourcesBuildPhase;
			buildActionMask = 2147483647;
			files = (
				312E4E6421EE4E4F008AE32F /* LaunchScreen.storyboard in Resources */,
				312E4E6121EE4E4F008AE32F /* Assets.xcassets in Resources */,
				312E4E5F21EE4E4B008AE32F /* Main.storyboard in Resources */,
			);
			runOnlyForDeploymentPostprocessing = 0;
		};
/* End PBXResourcesBuildPhase section */

/* Begin PBXSourcesBuildPhase section */
		312E4E5221EE4E4B008AE32F /* Sources */ = {
			isa = PBXSourcesBuildPhase;
			buildActionMask = 2147483647;
			files = (
				312E4E6C21EE51B4008AE32F /* AnimateVC.swift in Sources */,
				312E4E6E21EE52D5008AE32F /* AnimatingView.swift in Sources */,
				3136911221EFA3470030FA48 /* NumberCell.swift in Sources */,
				312E4E5C21EE4E4B008AE32F /* ViewController.swift in Sources */,
				312E4E7021EE816F008AE32F /* TypeOfCorner.swift in Sources */,
				312E4E5A21EE4E4B008AE32F /* AppDelegate.swift in Sources */,
			);
			runOnlyForDeploymentPostprocessing = 0;
		};
/* End PBXSourcesBuildPhase section */

/* Begin PBXVariantGroup section */
		312E4E5D21EE4E4B008AE32F /* Main.storyboard */ = {
			isa = PBXVariantGroup;
			children = (
				312E4E5E21EE4E4B008AE32F /* Base */,
			);
			name = Main.storyboard;
			sourceTree = "<group>";
		};
		312E4E6221EE4E4F008AE32F /* LaunchScreen.storyboard */ = {
			isa = PBXVariantGroup;
			children = (
				312E4E6321EE4E4F008AE32F /* Base */,
			);
			name = LaunchScreen.storyboard;
			sourceTree = "<group>";
		};
/* End PBXVariantGroup section */

/* Begin XCBuildConfiguration section */
		312E4E6621EE4E4F008AE32F /* Debug */ = {
			isa = XCBuildConfiguration;
			buildSettings = {
				ALWAYS_SEARCH_USER_PATHS = NO;
				CLANG_ANALYZER_NONNULL = YES;
				CLANG_ANALYZER_NUMBER_OBJECT_CONVERSION = YES_AGGRESSIVE;
				CLANG_CXX_LANGUAGE_STANDARD = "gnu++14";
				CLANG_CXX_LIBRARY = "libc++";
				CLANG_ENABLE_MODULES = YES;
				CLANG_ENABLE_OBJC_ARC = YES;
				CLANG_ENABLE_OBJC_WEAK = YES;
				CLANG_WARN_BLOCK_CAPTURE_AUTORELEASING = YES;
				CLANG_WARN_BOOL_CONVERSION = YES;
				CLANG_WARN_COMMA = YES;
				CLANG_WARN_CONSTANT_CONVERSION = YES;
				CLANG_WARN_DEPRECATED_OBJC_IMPLEMENTATIONS = YES;
				CLANG_WARN_DIRECT_OBJC_ISA_USAGE = YES_ERROR;
				CLANG_WARN_DOCUMENTATION_COMMENTS = YES;
				CLANG_WARN_EMPTY_BODY = YES;
				CLANG_WARN_ENUM_CONVERSION = YES;
				CLANG_WARN_INFINITE_RECURSION = YES;
				CLANG_WARN_INT_CONVERSION = YES;
				CLANG_WARN_NON_LITERAL_NULL_CONVERSION = YES;
				CLANG_WARN_OBJC_IMPLICIT_RETAIN_SELF = YES;
				CLANG_WARN_OBJC_LITERAL_CONVERSION = YES;
				CLANG_WARN_OBJC_ROOT_CLASS = YES_ERROR;
				CLANG_WARN_RANGE_LOOP_ANALYSIS = YES;
				CLANG_WARN_STRICT_PROTOTYPES = YES;
				CLANG_WARN_SUSPICIOUS_MOVE = YES;
				CLANG_WARN_UNGUARDED_AVAILABILITY = YES_AGGRESSIVE;
				CLANG_WARN_UNREACHABLE_CODE = YES;
				CLANG_WARN__DUPLICATE_METHOD_MATCH = YES;
				CODE_SIGN_IDENTITY = "iPhone Developer";
				COPY_PHASE_STRIP = NO;
				DEBUG_INFORMATION_FORMAT = dwarf;
				ENABLE_STRICT_OBJC_MSGSEND = YES;
				ENABLE_TESTABILITY = YES;
				GCC_C_LANGUAGE_STANDARD = gnu11;
				GCC_DYNAMIC_NO_PIC = NO;
				GCC_NO_COMMON_BLOCKS = YES;
				GCC_OPTIMIZATION_LEVEL = 0;
				GCC_PREPROCESSOR_DEFINITIONS = (
					"DEBUG=1",
					"$(inherited)",
				);
				GCC_WARN_64_TO_32_BIT_CONVERSION = YES;
				GCC_WARN_ABOUT_RETURN_TYPE = YES_ERROR;
				GCC_WARN_UNDECLARED_SELECTOR = YES;
				GCC_WARN_UNINITIALIZED_AUTOS = YES_AGGRESSIVE;
				GCC_WARN_UNUSED_FUNCTION = YES;
				GCC_WARN_UNUSED_VARIABLE = YES;
				IPHONEOS_DEPLOYMENT_TARGET = 12.1;
				MTL_ENABLE_DEBUG_INFO = INCLUDE_SOURCE;
				MTL_FAST_MATH = YES;
				ONLY_ACTIVE_ARCH = YES;
				SDKROOT = iphoneos;
				SWIFT_ACTIVE_COMPILATION_CONDITIONS = DEBUG;
				SWIFT_OPTIMIZATION_LEVEL = "-Onone";
			};
			name = Debug;
		};
		312E4E6721EE4E4F008AE32F /* Release */ = {
			isa = XCBuildConfiguration;
			buildSettings = {
				ALWAYS_SEARCH_USER_PATHS = NO;
				CLANG_ANALYZER_NONNULL = YES;
				CLANG_ANALYZER_NUMBER_OBJECT_CONVERSION = YES_AGGRESSIVE;
				CLANG_CXX_LANGUAGE_STANDARD = "gnu++14";
				CLANG_CXX_LIBRARY = "libc++";
				CLANG_ENABLE_MODULES = YES;
				CLANG_ENABLE_OBJC_ARC = YES;
				CLANG_ENABLE_OBJC_WEAK = YES;
				CLANG_WARN_BLOCK_CAPTURE_AUTORELEASING = YES;
				CLANG_WARN_BOOL_CONVERSION = YES;
				CLANG_WARN_COMMA = YES;
				CLANG_WARN_CONSTANT_CONVERSION = YES;
				CLANG_WARN_DEPRECATED_OBJC_IMPLEMENTATIONS = YES;
				CLANG_WARN_DIRECT_OBJC_ISA_USAGE = YES_ERROR;
				CLANG_WARN_DOCUMENTATION_COMMENTS = YES;
				CLANG_WARN_EMPTY_BODY = YES;
				CLANG_WARN_ENUM_CONVERSION = YES;
				CLANG_WARN_INFINITE_RECURSION = YES;
				CLANG_WARN_INT_CONVERSION = YES;
				CLANG_WARN_NON_LITERAL_NULL_CONVERSION = YES;
				CLANG_WARN_OBJC_IMPLICIT_RETAIN_SELF = YES;
				CLANG_WARN_OBJC_LITERAL_CONVERSION = YES;
				CLANG_WARN_OBJC_ROOT_CLASS = YES_ERROR;
				CLANG_WARN_RANGE_LOOP_ANALYSIS = YES;
				CLANG_WARN_STRICT_PROTOTYPES = YES;
				CLANG_WARN_SUSPICIOUS_MOVE = YES;
				CLANG_WARN_UNGUARDED_AVAILABILITY = YES_AGGRESSIVE;
				CLANG_WARN_UNREACHABLE_CODE = YES;
				CLANG_WARN__DUPLICATE_METHOD_MATCH = YES;
				CODE_SIGN_IDENTITY = "iPhone Developer";
				COPY_PHASE_STRIP = NO;
				DEBUG_INFORMATION_FORMAT = "dwarf-with-dsym";
				ENABLE_NS_ASSERTIONS = NO;
				ENABLE_STRICT_OBJC_MSGSEND = YES;
				GCC_C_LANGUAGE_STANDARD = gnu11;
				GCC_NO_COMMON_BLOCKS = YES;
				GCC_WARN_64_TO_32_BIT_CONVERSION = YES;
				GCC_WARN_ABOUT_RETURN_TYPE = YES_ERROR;
				GCC_WARN_UNDECLARED_SELECTOR = YES;
				GCC_WARN_UNINITIALIZED_AUTOS = YES_AGGRESSIVE;
				GCC_WARN_UNUSED_FUNCTION = YES;
				GCC_WARN_UNUSED_VARIABLE = YES;
				IPHONEOS_DEPLOYMENT_TARGET = 12.1;
				MTL_ENABLE_DEBUG_INFO = NO;
				MTL_FAST_MATH = YES;
				SDKROOT = iphoneos;
				SWIFT_COMPILATION_MODE = wholemodule;
				SWIFT_OPTIMIZATION_LEVEL = "-O";
				VALIDATE_PRODUCT = YES;
			};
			name = Release;
		};
		312E4E6921EE4E4F008AE32F /* Debug */ = {
			isa = XCBuildConfiguration;
			buildSettings = {
				ASSETCATALOG_COMPILER_APPICON_NAME = AppIcon;
				CODE_SIGN_STYLE = Automatic;
				DEVELOPMENT_TEAM = 6Q863WPJCA;
				INFOPLIST_FILE = AnimateText/Info.plist;
				LD_RUNPATH_SEARCH_PATHS = (
					"$(inherited)",
					"@executable_path/Frameworks",
				);
				PRODUCT_BUNDLE_IDENTIFIER = david.kadlcek.AnimateText;
				PRODUCT_NAME = "$(TARGET_NAME)";
				SWIFT_VERSION = 4.2;
				TARGETED_DEVICE_FAMILY = "1,2";
			};
			name = Debug;
		};
		312E4E6A21EE4E4F008AE32F /* Release */ = {
			isa = XCBuildConfiguration;
			buildSettings = {
				ASSETCATALOG_COMPILER_APPICON_NAME = AppIcon;
				CODE_SIGN_STYLE = Automatic;
				DEVELOPMENT_TEAM = 6Q863WPJCA;
				INFOPLIST_FILE = AnimateText/Info.plist;
				LD_RUNPATH_SEARCH_PATHS = (
					"$(inherited)",
					"@executable_path/Frameworks",
				);
				PRODUCT_BUNDLE_IDENTIFIER = david.kadlcek.AnimateText;
				PRODUCT_NAME = "$(TARGET_NAME)";
				SWIFT_VERSION = 4.2;
				TARGETED_DEVICE_FAMILY = "1,2";
			};
			name = Release;
		};
/* End XCBuildConfiguration section */

/* Begin XCConfigurationList section */
		312E4E5121EE4E4B008AE32F /* Build configuration list for PBXProject "AnimateText" */ = {
			isa = XCConfigurationList;
			buildConfigurations = (
				312E4E6621EE4E4F008AE32F /* Debug */,
				312E4E6721EE4E4F008AE32F /* Release */,
			);
			defaultConfigurationIsVisible = 0;
			defaultConfigurationName = Release;
		};
		312E4E6821EE4E4F008AE32F /* Build configuration list for PBXNativeTarget "AnimateText" */ = {
			isa = XCConfigurationList;
			buildConfigurations = (
				312E4E6921EE4E4F008AE32F /* Debug */,
				312E4E6A21EE4E4F008AE32F /* Release */,
			);
			defaultConfigurationIsVisible = 0;
			defaultConfigurationName = Release;
		};
/* End XCConfigurationList section */
	};
	rootObject = 312E4E4E21EE4E4B008AE32F /* Project object */;
}
